// !$*UTF8*$!
{
	archiveVersion = 1;
	classes = {
	};
	objectVersion = 46;
	objects = {

/* Begin PBXBuildFile section */
		24349F5B1DBA7B31002AEB43 /* main.m in Sources */ = {isa = PBXBuildFile; fileRef = 24349F5A1DBA7B31002AEB43 /* main.m */; };
		24349F5E1DBA7B31002AEB43 /* AppDelegate.m in Sources */ = {isa = PBXBuildFile; fileRef = 24349F5D1DBA7B31002AEB43 /* AppDelegate.m */; };
		24349F641DBA7B31002AEB43 /* SearchViewController.m in Sources */ = {isa = PBXBuildFile; fileRef = 24349F631DBA7B31002AEB43 /* SearchViewController.m */; };
		24349F671DBA7B31002AEB43 /* Main.storyboard in Resources */ = {isa = PBXBuildFile; fileRef = 24349F651DBA7B31002AEB43 /* Main.storyboard */; };
		24349F691DBA7B31002AEB43 /* Assets.xcassets in Resources */ = {isa = PBXBuildFile; fileRef = 24349F681DBA7B31002AEB43 /* Assets.xcassets */; };
		24349F6C1DBA7B31002AEB43 /* LaunchScreen.storyboard in Resources */ = {isa = PBXBuildFile; fileRef = 24349F6A1DBA7B31002AEB43 /* LaunchScreen.storyboard */; };
		24349F751DBA7CB2002AEB43 /* MoviesViewController.m in Sources */ = {isa = PBXBuildFile; fileRef = 24349F741DBA7CB2002AEB43 /* MoviesViewController.m */; };
		244A97531DBA7ED000184C2E /* AboutViewController.m in Sources */ = {isa = PBXBuildFile; fileRef = 244A97521DBA7ED000184C2E /* AboutViewController.m */; };
		244A97591DBA842000184C2E /* MovieCellTableViewCell.m in Sources */ = {isa = PBXBuildFile; fileRef = 244A97581DBA842000184C2E /* MovieCellTableViewCell.m */; };
		244A975C1DBBD79B00184C2E /* Movie.m in Sources */ = {isa = PBXBuildFile; fileRef = 244A975B1DBBD79B00184C2E /* Movie.m */; };
		244A975F1DBBD7E200184C2E /* MovieManager.m in Sources */ = {isa = PBXBuildFile; fileRef = 244A975E1DBBD7E200184C2E /* MovieManager.m */; };
		244A97651DBBE09600184C2E /* MBProgressHUD.m in Sources */ = {isa = PBXBuildFile; fileRef = 244A97641DBBE09600184C2E /* MBProgressHUD.m */; };
		244A97681DBBE23B00184C2E /* RemoteImageView.m in Sources */ = {isa = PBXBuildFile; fileRef = 244A97671DBBE23B00184C2E /* RemoteImageView.m */; };
/* End PBXBuildFile section */

/* Begin PBXFileReference section */
		24349F561DBA7B31002AEB43 /* PrivaliaMoviesObjc.app */ = {isa = PBXFileReference; explicitFileType = wrapper.application; includeInIndex = 0; path = PrivaliaMoviesObjc.app; sourceTree = BUILT_PRODUCTS_DIR; };
		24349F5A1DBA7B31002AEB43 /* main.m */ = {isa = PBXFileReference; lastKnownFileType = sourcecode.c.objc; path = main.m; sourceTree = "<group>"; };
		24349F5C1DBA7B31002AEB43 /* AppDelegate.h */ = {isa = PBXFileReference; lastKnownFileType = sourcecode.c.h; path = AppDelegate.h; sourceTree = "<group>"; };
		24349F5D1DBA7B31002AEB43 /* AppDelegate.m */ = {isa = PBXFileReference; lastKnownFileType = sourcecode.c.objc; path = AppDelegate.m; sourceTree = "<group>"; };
		24349F621DBA7B31002AEB43 /* SearchViewController.h */ = {isa = PBXFileReference; lastKnownFileType = sourcecode.c.h; path = SearchViewController.h; sourceTree = "<group>"; };
		24349F631DBA7B31002AEB43 /* SearchViewController.m */ = {isa = PBXFileReference; lastKnownFileType = sourcecode.c.objc; path = SearchViewController.m; sourceTree = "<group>"; };
		24349F661DBA7B31002AEB43 /* Base */ = {isa = PBXFileReference; lastKnownFileType = file.storyboard; name = Base; path = Base.lproj/Main.storyboard; sourceTree = "<group>"; };
		24349F681DBA7B31002AEB43 /* Assets.xcassets */ = {isa = PBXFileReference; lastKnownFileType = folder.assetcatalog; path = Assets.xcassets; sourceTree = "<group>"; };
		24349F6B1DBA7B31002AEB43 /* Base */ = {isa = PBXFileReference; lastKnownFileType = file.storyboard; name = Base; path = Base.lproj/LaunchScreen.storyboard; sourceTree = "<group>"; };
		24349F6D1DBA7B31002AEB43 /* Info.plist */ = {isa = PBXFileReference; lastKnownFileType = text.plist.xml; path = Info.plist; sourceTree = "<group>"; };
		24349F731DBA7CB2002AEB43 /* MoviesViewController.h */ = {isa = PBXFileReference; fileEncoding = 4; lastKnownFileType = sourcecode.c.h; path = MoviesViewController.h; sourceTree = "<group>"; };
		24349F741DBA7CB2002AEB43 /* MoviesViewController.m */ = {isa = PBXFileReference; fileEncoding = 4; lastKnownFileType = sourcecode.c.objc; path = MoviesViewController.m; sourceTree = "<group>"; };
		244A97511DBA7ED000184C2E /* AboutViewController.h */ = {isa = PBXFileReference; fileEncoding = 4; lastKnownFileType = sourcecode.c.h; path = AboutViewController.h; sourceTree = "<group>"; };
		244A97521DBA7ED000184C2E /* AboutViewController.m */ = {isa = PBXFileReference; fileEncoding = 4; lastKnownFileType = sourcecode.c.objc; path = AboutViewController.m; sourceTree = "<group>"; };
		244A97571DBA842000184C2E /* MovieCellTableViewCell.h */ = {isa = PBXFileReference; fileEncoding = 4; lastKnownFileType = sourcecode.c.h; path = MovieCellTableViewCell.h; sourceTree = "<group>"; };
		244A97581DBA842000184C2E /* MovieCellTableViewCell.m */ = {isa = PBXFileReference; fileEncoding = 4; lastKnownFileType = sourcecode.c.objc; path = MovieCellTableViewCell.m; sourceTree = "<group>"; };
		244A975A1DBBD79B00184C2E /* Movie.h */ = {isa = PBXFileReference; fileEncoding = 4; lastKnownFileType = sourcecode.c.h; path = Movie.h; sourceTree = "<group>"; };
		244A975B1DBBD79B00184C2E /* Movie.m */ = {isa = PBXFileReference; fileEncoding = 4; lastKnownFileType = sourcecode.c.objc; path = Movie.m; sourceTree = "<group>"; };
		244A975D1DBBD7E200184C2E /* MovieManager.h */ = {isa = PBXFileReference; fileEncoding = 4; lastKnownFileType = sourcecode.c.h; path = MovieManager.h; sourceTree = "<group>"; };
		244A975E1DBBD7E200184C2E /* MovieManager.m */ = {isa = PBXFileReference; fileEncoding = 4; lastKnownFileType = sourcecode.c.objc; path = MovieManager.m; sourceTree = "<group>"; };
		244A97631DBBE09600184C2E /* MBProgressHUD.h */ = {isa = PBXFileReference; fileEncoding = 4; lastKnownFileType = sourcecode.c.h; path = MBProgressHUD.h; sourceTree = "<group>"; };
		244A97641DBBE09600184C2E /* MBProgressHUD.m */ = {isa = PBXFileReference; fileEncoding = 4; lastKnownFileType = sourcecode.c.objc; path = MBProgressHUD.m; sourceTree = "<group>"; };
		244A97661DBBE23B00184C2E /* RemoteImageView.h */ = {isa = PBXFileReference; fileEncoding = 4; lastKnownFileType = sourcecode.c.h; path = RemoteImageView.h; sourceTree = "<group>"; };
		244A97671DBBE23B00184C2E /* RemoteImageView.m */ = {isa = PBXFileReference; fileEncoding = 4; lastKnownFileType = sourcecode.c.objc; path = RemoteImageView.m; sourceTree = "<group>"; };
/* End PBXFileReference section */

/* Begin PBXFrameworksBuildPhase section */
		24349F531DBA7B31002AEB43 /* Frameworks */ = {
			isa = PBXFrameworksBuildPhase;
			buildActionMask = 2147483647;
			files = (
			);
			runOnlyForDeploymentPostprocessing = 0;
		};
/* End PBXFrameworksBuildPhase section */

/* Begin PBXGroup section */
		24349F4D1DBA7B31002AEB43 = {
			isa = PBXGroup;
			children = (
				24349F581DBA7B31002AEB43 /* PrivaliaMoviesObjc */,
				24349F571DBA7B31002AEB43 /* Products */,
			);
			sourceTree = "<group>";
		};
		24349F571DBA7B31002AEB43 /* Products */ = {
			isa = PBXGroup;
			children = (
				24349F561DBA7B31002AEB43 /* PrivaliaMoviesObjc.app */,
			);
			name = Products;
			sourceTree = "<group>";
		};
		24349F581DBA7B31002AEB43 /* PrivaliaMoviesObjc */ = {
			isa = PBXGroup;
			children = (
				244A97551DBA7FA400184C2E /* Models */,
				244A97541DBA7F9600184C2E /* Views */,
				244A97561DBA7FBD00184C2E /* Controllers */,
				244A97501DBA7EA600184C2E /* ViewControllers */,
				24349F5C1DBA7B31002AEB43 /* AppDelegate.h */,
				24349F5D1DBA7B31002AEB43 /* AppDelegate.m */,
				24349F651DBA7B31002AEB43 /* Main.storyboard */,
				24349F681DBA7B31002AEB43 /* Assets.xcassets */,
				24349F6A1DBA7B31002AEB43 /* LaunchScreen.storyboard */,
				24349F6D1DBA7B31002AEB43 /* Info.plist */,
				24349F591DBA7B31002AEB43 /* Supporting Files */,
			);
			path = PrivaliaMoviesObjc;
			sourceTree = "<group>";
		};
		24349F591DBA7B31002AEB43 /* Supporting Files */ = {
			isa = PBXGroup;
			children = (
				24349F5A1DBA7B31002AEB43 /* main.m */,
			);
			name = "Supporting Files";
			sourceTree = "<group>";
		};
		244A97501DBA7EA600184C2E /* ViewControllers */ = {
			isa = PBXGroup;
			children = (
				24349F731DBA7CB2002AEB43 /* MoviesViewController.h */,
				24349F741DBA7CB2002AEB43 /* MoviesViewController.m */,
				24349F621DBA7B31002AEB43 /* SearchViewController.h */,
				24349F631DBA7B31002AEB43 /* SearchViewController.m */,
				244A97511DBA7ED000184C2E /* AboutViewController.h */,
				244A97521DBA7ED000184C2E /* AboutViewController.m */,
			);
			name = ViewControllers;
			sourceTree = "<group>";
		};
		244A97541DBA7F9600184C2E /* Views */ = {
			isa = PBXGroup;
			children = (
				244A97661DBBE23B00184C2E /* RemoteImageView.h */,
				244A97671DBBE23B00184C2E /* RemoteImageView.m */,
				244A97631DBBE09600184C2E /* MBProgressHUD.h */,
				244A97641DBBE09600184C2E /* MBProgressHUD.m */,
				244A97571DBA842000184C2E /* MovieCellTableViewCell.h */,
				244A97581DBA842000184C2E /* MovieCellTableViewCell.m */,
			);
			name = Views;
			sourceTree = "<group>";
		};
		244A97551DBA7FA400184C2E /* Models */ = {
			isa = PBXGroup;
			children = (
				244A975A1DBBD79B00184C2E /* Movie.h */,
				244A975B1DBBD79B00184C2E /* Movie.m */,
			);
			name = Models;
			sourceTree = "<group>";
		};
		244A97561DBA7FBD00184C2E /* Controllers */ = {
			isa = PBXGroup;
			children = (
				244A975D1DBBD7E200184C2E /* MovieManager.h */,
				244A975E1DBBD7E200184C2E /* MovieManager.m */,
			);
			name = Controllers;
			sourceTree = "<group>";
		};
/* End PBXGroup section */

/* Begin PBXNativeTarget section */
		24349F551DBA7B31002AEB43 /* PrivaliaMoviesObjc */ = {
			isa = PBXNativeTarget;
			buildConfigurationList = 24349F701DBA7B31002AEB43 /* Build configuration list for PBXNativeTarget "PrivaliaMoviesObjc" */;
			buildPhases = (
				24349F521DBA7B31002AEB43 /* Sources */,
				24349F531DBA7B31002AEB43 /* Frameworks */,
				24349F541DBA7B31002AEB43 /* Resources */,
			);
			buildRules = (
			);
			dependencies = (
			);
			name = PrivaliaMoviesObjc;
			productName = PrivaliaMoviesObjc;
			productReference = 24349F561DBA7B31002AEB43 /* PrivaliaMoviesObjc.app */;
			productType = "com.apple.product-type.application";
		};
/* End PBXNativeTarget section */

/* Begin PBXProject section */
		24349F4E1DBA7B31002AEB43 /* Project object */ = {
			isa = PBXProject;
			attributes = {
				LastUpgradeCheck = 0800;
				ORGANIZATIONNAME = "ZenBrains Studio S.L.";
				TargetAttributes = {
					24349F551DBA7B31002AEB43 = {
						CreatedOnToolsVersion = 8.0;
						DevelopmentTeam = W4PLD6622C;
						ProvisioningStyle = Automatic;
					};
				};
			};
			buildConfigurationList = 24349F511DBA7B31002AEB43 /* Build configuration list for PBXProject "PrivaliaMoviesObjc" */;
			compatibilityVersion = "Xcode 3.2";
			developmentRegion = English;
			hasScannedForEncodings = 0;
			knownRegions = (
				en,
				Base,
			);
			mainGroup = 24349F4D1DBA7B31002AEB43;
			productRefGroup = 24349F571DBA7B31002AEB43 /* Products */;
			projectDirPath = "";
			projectRoot = "";
			targets = (
				24349F551DBA7B31002AEB43 /* PrivaliaMoviesObjc */,
			);
		};
/* End PBXProject section */

/* Begin PBXResourcesBuildPhase section */
		24349F541DBA7B31002AEB43 /* Resources */ = {
			isa = PBXResourcesBuildPhase;
			buildActionMask = 2147483647;
			files = (
				24349F6C1DBA7B31002AEB43 /* LaunchScreen.storyboard in Resources */,
				24349F691DBA7B31002AEB43 /* Assets.xcassets in Resources */,
				24349F671DBA7B31002AEB43 /* Main.storyboard in Resources */,
			);
			runOnlyForDeploymentPostprocessing = 0;
		};
/* End PBXResourcesBuildPhase section */

/* Begin PBXSourcesBuildPhase section */
		24349F521DBA7B31002AEB43 /* Sources */ = {
			isa = PBXSourcesBuildPhase;
			buildActionMask = 2147483647;
			files = (
				24349F641DBA7B31002AEB43 /* SearchViewController.m in Sources */,
				244A97531DBA7ED000184C2E /* AboutViewController.m in Sources */,
				244A97681DBBE23B00184C2E /* RemoteImageView.m in Sources */,
				244A975C1DBBD79B00184C2E /* Movie.m in Sources */,
				24349F5E1DBA7B31002AEB43 /* AppDelegate.m in Sources */,
				244A97651DBBE09600184C2E /* MBProgressHUD.m in Sources */,
				244A975F1DBBD7E200184C2E /* MovieManager.m in Sources */,
				24349F5B1DBA7B31002AEB43 /* main.m in Sources */,
				244A97591DBA842000184C2E /* MovieCellTableViewCell.m in Sources */,
				24349F751DBA7CB2002AEB43 /* MoviesViewController.m in Sources */,
			);
			runOnlyForDeploymentPostprocessing = 0;
		};
/* End PBXSourcesBuildPhase section */

/* Begin PBXVariantGroup section */
		24349F651DBA7B31002AEB43 /* Main.storyboard */ = {
			isa = PBXVariantGroup;
			children = (
				24349F661DBA7B31002AEB43 /* Base */,
			);
			name = Main.storyboard;
			sourceTree = "<group>";
		};
		24349F6A1DBA7B31002AEB43 /* LaunchScreen.storyboard */ = {
			isa = PBXVariantGroup;
			children = (
				24349F6B1DBA7B31002AEB43 /* Base */,
			);
			name = LaunchScreen.storyboard;
			sourceTree = "<group>";
		};
/* End PBXVariantGroup section */

/* Begin XCBuildConfiguration section */
		24349F6E1DBA7B31002AEB43 /* Debug */ = {
			isa = XCBuildConfiguration;
			buildSettings = {
				ALWAYS_SEARCH_USER_PATHS = NO;
				CLANG_ANALYZER_NONNULL = YES;
				CLANG_CXX_LANGUAGE_STANDARD = "gnu++0x";
				CLANG_CXX_LIBRARY = "libc++";
				CLANG_ENABLE_MODULES = YES;
				CLANG_ENABLE_OBJC_ARC = YES;
				CLANG_WARN_BOOL_CONVERSION = YES;
				CLANG_WARN_CONSTANT_CONVERSION = YES;
				CLANG_WARN_DIRECT_OBJC_ISA_USAGE = YES_ERROR;
				CLANG_WARN_DOCUMENTATION_COMMENTS = YES;
				CLANG_WARN_EMPTY_BODY = YES;
				CLANG_WARN_ENUM_CONVERSION = YES;
				CLANG_WARN_INFINITE_RECURSION = YES;
				CLANG_WARN_INT_CONVERSION = YES;
				CLANG_WARN_OBJC_ROOT_CLASS = YES_ERROR;
				CLANG_WARN_SUSPICIOUS_MOVES = YES;
				CLANG_WARN_UNREACHABLE_CODE = YES;
				CLANG_WARN__DUPLICATE_METHOD_MATCH = YES;
				"CODE_SIGN_IDENTITY[sdk=iphoneos*]" = "iPhone Developer";
				COPY_PHASE_STRIP = NO;
				DEBUG_INFORMATION_FORMAT = dwarf;
				ENABLE_STRICT_OBJC_MSGSEND = YES;
				ENABLE_TESTABILITY = YES;
				GCC_C_LANGUAGE_STANDARD = gnu99;
				GCC_DYNAMIC_NO_PIC = NO;
				GCC_NO_COMMON_BLOCKS = YES;
				GCC_OPTIMIZATION_LEVEL = 0;
				GCC_PREPROCESSOR_DEFINITIONS = (
					"DEBUG=1",
					"$(inherited)",
				);
				GCC_WARN_64_TO_32_BIT_CONVERSION = YES;
				GCC_WARN_ABOUT_RETURN_TYPE = YES_ERROR;
				GCC_WARN_UNDECLARED_SELECTOR = YES;
				GCC_WARN_UNINITIALIZED_AUTOS = YES_AGGRESSIVE;
				GCC_WARN_UNUSED_FUNCTION = YES;
				GCC_WARN_UNUSED_VARIABLE = YES;
				IPHONEOS_DEPLOYMENT_TARGET = 10.0;
				MTL_ENABLE_DEBUG_INFO = YES;
				ONLY_ACTIVE_ARCH = YES;
				SDKROOT = iphoneos;
				TARGETED_DEVICE_FAMILY = "1,2";
			};
			name = Debug;
		};
		24349F6F1DBA7B31002AEB43 /* Release */ = {
			isa = XCBuildConfiguration;
			buildSettings = {
				ALWAYS_SEARCH_USER_PATHS = NO;
				CLANG_ANALYZER_NONNULL = YES;
				CLANG_CXX_LANGUAGE_STANDARD = "gnu++0x";
				CLANG_CXX_LIBRARY = "libc++";
				CLANG_ENABLE_MODULES = YES;
				CLANG_ENABLE_OBJC_ARC = YES;
				CLANG_WARN_BOOL_CONVERSION = YES;
				CLANG_WARN_CONSTANT_CONVERSION = YES;
				CLANG_WARN_DIRECT_OBJC_ISA_USAGE = YES_ERROR;
				CLANG_WARN_DOCUMENTATION_COMMENTS = YES;
				CLANG_WARN_EMPTY_BODY = YES;
				CLANG_WARN_ENUM_CONVERSION = YES;
				CLANG_WARN_INFINITE_RECURSION = YES;
				CLANG_WARN_INT_CONVERSION = YES;
				CLANG_WARN_OBJC_ROOT_CLASS = YES_ERROR;
				CLANG_WARN_SUSPICIOUS_MOVES = YES;
				CLANG_WARN_UNREACHABLE_CODE = YES;
				CLANG_WARN__DUPLICATE_METHOD_MATCH = YES;
				"CODE_SIGN_IDENTITY[sdk=iphoneos*]" = "iPhone Developer";
				COPY_PHASE_STRIP = NO;
				DEBUG_INFORMATION_FORMAT = "dwarf-with-dsym";
				ENABLE_NS_ASSERTIONS = NO;
				ENABLE_STRICT_OBJC_MSGSEND = YES;
				GCC_C_LANGUAGE_STANDARD = gnu99;
				GCC_NO_COMMON_BLOCKS = YES;
				GCC_WARN_64_TO_32_BIT_CONVERSION = YES;
				GCC_WARN_ABOUT_RETURN_TYPE = YES_ERROR;
				GCC_WARN_UNDECLARED_SELECTOR = YES;
				GCC_WARN_UNINITIALIZED_AUTOS = YES_AGGRESSIVE;
				GCC_WARN_UNUSED_FUNCTION = YES;
				GCC_WARN_UNUSED_VARIABLE = YES;
				IPHONEOS_DEPLOYMENT_TARGET = 10.0;
				MTL_ENABLE_DEBUG_INFO = NO;
				SDKROOT = iphoneos;
				TARGETED_DEVICE_FAMILY = "1,2";
				VALIDATE_PRODUCT = YES;
			};
			name = Release;
		};
		24349F711DBA7B31002AEB43 /* Debug */ = {
			isa = XCBuildConfiguration;
			buildSettings = {
				ASSETCATALOG_COMPILER_APPICON_NAME = AppIcon;
				DEVELOPMENT_TEAM = W4PLD6622C;
				INFOPLIST_FILE = PrivaliaMoviesObjc/Info.plist;
				LD_RUNPATH_SEARCH_PATHS = "$(inherited) @executable_path/Frameworks";
				PRODUCT_BUNDLE_IDENTIFIER = com.zenbrains.PrivaliaMoviesObjc;
				PRODUCT_NAME = "$(TARGET_NAME)";
			};
			name = Debug;
		};
		24349F721DBA7B31002AEB43 /* Release */ = {
			isa = XCBuildConfiguration;
			buildSettings = {
				ASSETCATALOG_COMPILER_APPICON_NAME = AppIcon;
				DEVELOPMENT_TEAM = W4PLD6622C;
				INFOPLIST_FILE = PrivaliaMoviesObjc/Info.plist;
				LD_RUNPATH_SEARCH_PATHS = "$(inherited) @executable_path/Frameworks";
				PRODUCT_BUNDLE_IDENTIFIER = com.zenbrains.PrivaliaMoviesObjc;
				PRODUCT_NAME = "$(TARGET_NAME)";
			};
			name = Release;
		};
/* End XCBuildConfiguration section */

/* Begin XCConfigurationList section */
		24349F511DBA7B31002AEB43 /* Build configuration list for PBXProject "PrivaliaMoviesObjc" */ = {
			isa = XCConfigurationList;
			buildConfigurations = (
				24349F6E1DBA7B31002AEB43 /* Debug */,
				24349F6F1DBA7B31002AEB43 /* Release */,
			);
			defaultConfigurationIsVisible = 0;
			defaultConfigurationName = Release;
		};
		24349F701DBA7B31002AEB43 /* Build configuration list for PBXNativeTarget "PrivaliaMoviesObjc" */ = {
			isa = XCConfigurationList;
			buildConfigurations = (
				24349F711DBA7B31002AEB43 /* Debug */,
				24349F721DBA7B31002AEB43 /* Release */,
			);
			defaultConfigurationIsVisible = 0;
			defaultConfigurationName = Release;
		};
/* End XCConfigurationList section */
	};
	rootObject = 24349F4E1DBA7B31002AEB43 /* Project object */;
}
